
Microsoft Visual Studio Solution File, Format Version 12.00
# Visual Studio 2015
Project("{84F06244-0B61-47A9-8E97-6967564C39F9}") = "CITM", "CITM.csproj", "{84F06244-0B61-47A9-8E97-6967564C39F9}"
EndProject
Global
	GlobalSection(SolutionConfigurationPlatforms) = preSolution
		Debug|Any CPU = Debug|Any CPU
	EndGlobalSection
	GlobalSection(ProjectConfigurationPlatforms) = postSolution
		{84F06244-0B61-47A9-8E97-6967564C39F9}.Debug|Any CPU.ActiveCfg = Debug|Any CPU
		{84F06244-0B61-47A9-8E97-6967564C39F9}.Debug|Any CPU.Build.0 = Debug|Any CPU
	EndGlobalSection
	GlobalSection(SolutionProperties) = preSolution
		HideSolutionNode = FALSE
	EndGlobalSection
EndGlobal
